
Microsoft Visual Studio Solution File, Format Version 12.00
# Visual Studio Version 16
VisualStudioVersion = 16.0.30907.101
MinimumVisualStudioVersion = 10.0.40219.1
Project("{9A19103F-16F7-4668-BE54-9A1E7A4F7556}") = "HCommAir", "HCommAir\HCommAir.csproj", "{614A6559-8884-4793-A208-8FA2B95115F3}"
EndProject
Project("{FAE04EC0-301F-11D3-BF4B-00C04F79EFBC}") = "HCommAirExample", "HCommAirExample\HCommAirExample.csproj", "{189A6049-3580-4C6E-A76D-EB5C6EA18EDB}"
EndProject
Project("{2150E333-8FDC-42A3-9474-1A3956D46DE8}") = "Solution items", "Solution items", "{CD152024-5092-413E-8572-7E4943A3737A}"
	ProjectSection(SolutionItems) = preProject
		README.md = README.md
	EndProjectSection
EndProject
Global
	GlobalSection(SolutionConfigurationPlatforms) = preSolution
		Debug|Any CPU = Debug|Any CPU
		Release|Any CPU = Release|Any CPU
	EndGlobalSection
	GlobalSection(ProjectConfigurationPlatforms) = postSolution
		{614A6559-8884-4793-A208-8FA2B95115F3}.Debug|Any CPU.ActiveCfg = Debug|Any CPU
		{614A6559-8884-4793-A208-8FA2B95115F3}.Debug|Any CPU.Build.0 = Debug|Any CPU
		{614A6559-8884-4793-A208-8FA2B95115F3}.Release|Any CPU.ActiveCfg = Release|Any CPU
		{614A6559-8884-4793-A208-8FA2B95115F3}.Release|Any CPU.Build.0 = Release|Any CPU
		{189A6049-3580-4C6E-A76D-EB5C6EA18EDB}.Debug|Any CPU.ActiveCfg = Debug|Any CPU
		{189A6049-3580-4C6E-A76D-EB5C6EA18EDB}.Debug|Any CPU.Build.0 = Debug|Any CPU
		{189A6049-3580-4C6E-A76D-EB5C6EA18EDB}.Release|Any CPU.ActiveCfg = Release|Any CPU
		{189A6049-3580-4C6E-A76D-EB5C6EA18EDB}.Release|Any CPU.Build.0 = Release|Any CPU
	EndGlobalSection
	GlobalSection(SolutionProperties) = preSolution
		HideSolutionNode = FALSE
	EndGlobalSection
	GlobalSection(ExtensibilityGlobals) = postSolution
		SolutionGuid = {5883611F-14F1-47F0-BC09-93CD536782C3}
	EndGlobalSection
EndGlobal
